Microsoft Visual Studio Solution File, Format Version 12.00
# Visual Studio Version 17
VisualStudioVersion = 17.5.2.0
MinimumVisualStudioVersion = 10.0.40219.1
Project("{FAE04EC0-301F-11D3-BF4B-00C04F79EFBC}") = "personalBlogstylesite.Web.Client", "personalBlogstylesite.Web.Client.csproj", "{AAC41301-313E-8428-8413-902370A6842B}"
EndProject
Global
	GlobalSection(SolutionConfigurationPlatforms) = preSolution
		Debug|Any CPU = Debug|Any CPU
		Release|Any CPU = Release|Any CPU
	EndGlobalSection
	GlobalSection(ProjectConfigurationPlatforms) = postSolution
		{AAC41301-313E-8428-8413-902370A6842B}.Debug|Any CPU.ActiveCfg = Debug|Any CPU
		{AAC41301-313E-8428-8413-902370A6842B}.Debug|Any CPU.Build.0 = Debug|Any CPU
		{AAC41301-313E-8428-8413-902370A6842B}.Release|Any CPU.ActiveCfg = Release|Any CPU
		{AAC41301-313E-8428-8413-902370A6842B}.Release|Any CPU.Build.0 = Release|Any CPU
	EndGlobalSection
	GlobalSection(SolutionProperties) = preSolution
		HideSolutionNode = FALSE
	EndGlobalSection
	GlobalSection(ExtensibilityGlobals) = postSolution
		SolutionGuid = {4B363EC7-18FD-4F2D-8F8D-BFED2097096C}
	EndGlobalSection
EndGlobal
