Microsoft Visual Studio Solution File, Format Version 12.00
# Visual Studio Version 17
VisualStudioVersion = 17.5.2.0
MinimumVisualStudioVersion = 10.0.40219.1
Project("{FAE04EC0-301F-11D3-BF4B-00C04F79EFBC}") = "personalBlogstylesite.Shared", "personalBlogstylesite.Shared.csproj", "{AD62A0FE-7EAA-8D17-819D-8ED367AD8393}"
EndProject
Global
	GlobalSection(SolutionConfigurationPlatforms) = preSolution
		Debug|Any CPU = Debug|Any CPU
		Release|Any CPU = Release|Any CPU
	EndGlobalSection
	GlobalSection(ProjectConfigurationPlatforms) = postSolution
		{AD62A0FE-7EAA-8D17-819D-8ED367AD8393}.Debug|Any CPU.ActiveCfg = Debug|Any CPU
		{AD62A0FE-7EAA-8D17-819D-8ED367AD8393}.Debug|Any CPU.Build.0 = Debug|Any CPU
		{AD62A0FE-7EAA-8D17-819D-8ED367AD8393}.Release|Any CPU.ActiveCfg = Release|Any CPU
		{AD62A0FE-7EAA-8D17-819D-8ED367AD8393}.Release|Any CPU.Build.0 = Release|Any CPU
	EndGlobalSection
	GlobalSection(SolutionProperties) = preSolution
		HideSolutionNode = FALSE
	EndGlobalSection
	GlobalSection(ExtensibilityGlobals) = postSolution
		SolutionGuid = {DA054B04-BC9D-4031-8F05-0BD50A3A203F}
	EndGlobalSection
EndGlobal
